<?xml version="1.0" encoding="utf-8"?>
<Project ToolsVersion="4.0" xmlns="http://schemas.microsoft.com/developer/msbuild/2003">
  <ItemGroup>
    <Filter Include="Header Files">
      <UniqueIdentifier>{09df184d-4799-4925-9c69-46f906ed133f}</UniqueIdentifier>
    </Filter>
    <Filter Include="Source Files">
      <UniqueIdentifier>{1220aa81-4e57-4afc-8b22-a549aa07600b}</UniqueIdentifier>
    </Filter>
    <Filter Include="TwinCAT UM Files">
      <UniqueIdentifier>{804f2ca5-e0ea-43bd-a3d6-924daddcc1fa}</UniqueIdentifier>
    </Filter>
    <Filter Include="TwinCAT RT Files">
      <UniqueIdentifier>{d711ef6f-6850-4b2f-9ebb-0f22bf1b33fe}</UniqueIdentifier>
    </Filter>
    <Filter Include="TMC Files">
      <UniqueIdentifier>{1471635d-4fbd-4315-9d67-53caa38a18fe}</UniqueIdentifier>
    </Filter>
  </ItemGroup>
  <ItemGroup>
    <ClInclude Include="Resource.h">
      <Filter>Header Files</Filter>
    </ClInclude>
    <ClInclude Include="TcPch.h">
      <Filter>Header Files</Filter>
    </ClInclude>
    <ClInclude Include="TcAsyncBufferReadingDrvClassFactory.h">
      <Filter>Header Files</Filter>
    </ClInclude>
    <ClInclude Include="TcAsyncBufferReadingDrvInterfaces.h">
      <Filter>Header Files</Filter>
    </ClInclude>
    <ClInclude Include="TcAsyncBufferReadingDrvServices.h">
      <Filter>Header Files</Filter>
    </ClInclude>
    <ClInclude Include="TcAsyncBufferReadingDrvCtrl.h">
      <Filter>TwinCAT UM Files</Filter>
    </ClInclude>
    <ClInclude Include="TcAsyncBufferReadingDrvDriver.h">
      <Filter>TwinCAT RT Files</Filter>
    </ClInclude>
    <ClInclude Include="TcAsyncBufferReadingModule.h">
      <Filter>Header Files</Filter>
    </ClInclude>
    <ClInclude Include="TcFileWriteDetectModule.h">
      <Filter>Header Files</Filter>
    </ClInclude>
  </ItemGroup>
  <ItemGroup>
    <ClCompile Include="TcPch.cpp">
      <Filter>Source Files</Filter>
    </ClCompile>
    <ClCompile Include="TcAsyncBufferReadingDrvClassFactory.cpp">
      <Filter>Source Files</Filter>
    </ClCompile>
    <ClCompile Include="TcAsyncBufferReadingDrvCtrl.cpp">
      <Filter>TwinCAT UM Files</Filter>
    </ClCompile>
    <ClCompile Include="TcAsyncBufferReadingDrvW32.cpp">
      <Filter>TwinCAT UM Files</Filter>
    </ClCompile>
    <ClCompile Include="TcAsyncBufferReadingDrvDriver.cpp">
      <Filter>TwinCAT RT Files</Filter>
    </ClCompile>
    <ClCompile Include="TcAsyncBufferReadingModule.cpp">
      <Filter>Source Files</Filter>
    </ClCompile>
    <ClCompile Include="TcFileWriteDetectModule.cpp">
      <Filter>Source Files</Filter>
    </ClCompile>
  </ItemGroup>
  <ItemGroup>
    <ResourceCompile Include="TcAsyncBufferReadingDrv.rc">
      <Filter>Source Files</Filter>
    </ResourceCompile>
  </ItemGroup>
  <ItemGroup>
    <None Include="TcAsyncBufferReadingDrvW32.def">
      <Filter>TwinCAT UM Files</Filter>
    </None>
    <None Include="TcAsyncBufferReadingDrv.tmc">
      <Filter>TMC Files</Filter>
    </None>
  </ItemGroup>
  <ItemGroup>
    <Midl Include="TcAsyncBufferReadingDrvW32.idl">
      <Filter>TwinCAT UM Files</Filter>
    </Midl>
  </ItemGroup>
</Project>