
Microsoft Visual Studio Solution File, Format Version 12.00
# Visual Studio 14
VisualStudioVersion = 14.0.23107.0
MinimumVisualStudioVersion = 10.0.40219.1
Project("{B1E792BE-AA5F-4E3C-8C82-674BF9C0715B}") = "TwinCAT Project with Async File IO", "TwinCAT Project with Async File IO\TwinCAT Project with Async File IO.tsproj", "{1D9EC052-742E-4D65-950E-3E81197F9CDC}"
EndProject
Global
	GlobalSection(SolutionConfigurationPlatforms) = preSolution
		Debug|TwinCAT CE7 (ARMV7) = Debug|TwinCAT CE7 (ARMV7)
		Debug|TwinCAT RT (x64) = Debug|TwinCAT RT (x64)
		Debug|TwinCAT RT (x86) = Debug|TwinCAT RT (x86)
		Debug|TwinCAT UM (x64) = Debug|TwinCAT UM (x64)
		Debug|TwinCAT UM (x86) = Debug|TwinCAT UM (x86)
		Release|TwinCAT CE7 (ARMV7) = Release|TwinCAT CE7 (ARMV7)
		Release|TwinCAT RT (x64) = Release|TwinCAT RT (x64)
		Release|TwinCAT RT (x86) = Release|TwinCAT RT (x86)
		Release|TwinCAT UM (x64) = Release|TwinCAT UM (x64)
		Release|TwinCAT UM (x86) = Release|TwinCAT UM (x86)
	EndGlobalSection
	GlobalSection(ProjectDependencies) = postSolution
		{762000B1-884A-47BD-84A5-77B0DBFF818C}.0 = {FCB68F1D-6BAE-45FE-9F3E-390D13CA579B}
		{D45B9F77-5CEA-43D2-A1C9-20154CFC0CC9}.0 = {FCB68F1D-6BAE-45FE-9F3E-390D13CA579B}
	EndGlobalSection
	GlobalSection(ProjectConfigurationPlatforms) = postSolution
		{1D9EC052-742E-4D65-950E-3E81197F9CDC}.Debug|TwinCAT CE7 (ARMV7).ActiveCfg = Debug|TwinCAT CE7 (ARMV7)
		{1D9EC052-742E-4D65-950E-3E81197F9CDC}.Debug|TwinCAT RT (x64).ActiveCfg = Debug|TwinCAT RT (x64)
		{1D9EC052-742E-4D65-950E-3E81197F9CDC}.Debug|TwinCAT RT (x86).ActiveCfg = Debug|TwinCAT RT (x86)
		{1D9EC052-742E-4D65-950E-3E81197F9CDC}.Debug|TwinCAT UM (x64).ActiveCfg = Debug|TwinCAT CE7 (ARMV7)
		{1D9EC052-742E-4D65-950E-3E81197F9CDC}.Debug|TwinCAT UM (x64).Build.0 = Debug|TwinCAT CE7 (ARMV7)
		{1D9EC052-742E-4D65-950E-3E81197F9CDC}.Debug|TwinCAT UM (x86).ActiveCfg = Debug|TwinCAT CE7 (ARMV7)
		{1D9EC052-742E-4D65-950E-3E81197F9CDC}.Release|TwinCAT CE7 (ARMV7).ActiveCfg = Release|TwinCAT CE7 (ARMV7)
		{1D9EC052-742E-4D65-950E-3E81197F9CDC}.Release|TwinCAT RT (x64).ActiveCfg = Release|TwinCAT RT (x64)
		{1D9EC052-742E-4D65-950E-3E81197F9CDC}.Release|TwinCAT RT (x64).Build.0 = Release|TwinCAT RT (x64)
		{1D9EC052-742E-4D65-950E-3E81197F9CDC}.Release|TwinCAT RT (x86).ActiveCfg = Release|TwinCAT RT (x86)
		{1D9EC052-742E-4D65-950E-3E81197F9CDC}.Release|TwinCAT UM (x64).ActiveCfg = Release|TwinCAT CE7 (ARMV7)
		{1D9EC052-742E-4D65-950E-3E81197F9CDC}.Release|TwinCAT UM (x86).ActiveCfg = Release|TwinCAT CE7 (ARMV7)
		{FCB68F1D-6BAE-45FE-9F3E-390D13CA579B}.Debug|TwinCAT CE7 (ARMV7).ActiveCfg = Debug|TwinCAT RT (x64)
		{FCB68F1D-6BAE-45FE-9F3E-390D13CA579B}.Debug|TwinCAT RT (x64).ActiveCfg = Debug|TwinCAT RT (x64)
		{FCB68F1D-6BAE-45FE-9F3E-390D13CA579B}.Debug|TwinCAT RT (x64).Build.0 = Debug|TwinCAT RT (x64)
		{FCB68F1D-6BAE-45FE-9F3E-390D13CA579B}.Debug|TwinCAT RT (x86).ActiveCfg = Debug|TwinCAT RT (x86)
		{FCB68F1D-6BAE-45FE-9F3E-390D13CA579B}.Debug|TwinCAT RT (x86).Build.0 = Debug|TwinCAT RT (x86)
		{FCB68F1D-6BAE-45FE-9F3E-390D13CA579B}.Debug|TwinCAT UM (x64).ActiveCfg = Debug|TwinCAT UM (x64)
		{FCB68F1D-6BAE-45FE-9F3E-390D13CA579B}.Debug|TwinCAT UM (x64).Build.0 = Debug|TwinCAT UM (x64)
		{FCB68F1D-6BAE-45FE-9F3E-390D13CA579B}.Debug|TwinCAT UM (x86).ActiveCfg = Debug|TwinCAT UM (x86)
		{FCB68F1D-6BAE-45FE-9F3E-390D13CA579B}.Debug|TwinCAT UM (x86).Build.0 = Debug|TwinCAT UM (x86)
		{FCB68F1D-6BAE-45FE-9F3E-390D13CA579B}.Release|TwinCAT CE7 (ARMV7).ActiveCfg = Release|TwinCAT RT (x64)
		{FCB68F1D-6BAE-45FE-9F3E-390D13CA579B}.Release|TwinCAT RT (x64).ActiveCfg = Release|TwinCAT RT (x64)
		{FCB68F1D-6BAE-45FE-9F3E-390D13CA579B}.Release|TwinCAT RT (x64).Build.0 = Release|TwinCAT RT (x64)
		{FCB68F1D-6BAE-45FE-9F3E-390D13CA579B}.Release|TwinCAT RT (x86).ActiveCfg = Release|TwinCAT RT (x86)
		{FCB68F1D-6BAE-45FE-9F3E-390D13CA579B}.Release|TwinCAT RT (x86).Build.0 = Release|TwinCAT RT (x86)
		{FCB68F1D-6BAE-45FE-9F3E-390D13CA579B}.Release|TwinCAT UM (x64).ActiveCfg = Release|TwinCAT UM (x64)
		{FCB68F1D-6BAE-45FE-9F3E-390D13CA579B}.Release|TwinCAT UM (x64).Build.0 = Release|TwinCAT UM (x64)
		{FCB68F1D-6BAE-45FE-9F3E-390D13CA579B}.Release|TwinCAT UM (x86).ActiveCfg = Release|TwinCAT UM (x86)
		{FCB68F1D-6BAE-45FE-9F3E-390D13CA579B}.Release|TwinCAT UM (x86).Build.0 = Release|TwinCAT UM (x86)
		{762000B1-884A-47BD-84A5-77B0DBFF818C}.Debug|TwinCAT CE7 (ARMV7).ActiveCfg = Debug|TwinCAT RT (x64)
		{762000B1-884A-47BD-84A5-77B0DBFF818C}.Debug|TwinCAT RT (x64).ActiveCfg = Debug|TwinCAT RT (x64)
		{762000B1-884A-47BD-84A5-77B0DBFF818C}.Debug|TwinCAT RT (x64).Build.0 = Debug|TwinCAT RT (x64)
		{762000B1-884A-47BD-84A5-77B0DBFF818C}.Debug|TwinCAT RT (x86).ActiveCfg = Debug|TwinCAT RT (x86)
		{762000B1-884A-47BD-84A5-77B0DBFF818C}.Debug|TwinCAT RT (x86).Build.0 = Debug|TwinCAT RT (x86)
		{762000B1-884A-47BD-84A5-77B0DBFF818C}.Debug|TwinCAT UM (x64).ActiveCfg = Debug|TwinCAT UM (x64)
		{762000B1-884A-47BD-84A5-77B0DBFF818C}.Debug|TwinCAT UM (x64).Build.0 = Debug|TwinCAT UM (x64)
		{762000B1-884A-47BD-84A5-77B0DBFF818C}.Debug|TwinCAT UM (x86).ActiveCfg = Debug|TwinCAT UM (x86)
		{762000B1-884A-47BD-84A5-77B0DBFF818C}.Debug|TwinCAT UM (x86).Build.0 = Debug|TwinCAT UM (x86)
		{762000B1-884A-47BD-84A5-77B0DBFF818C}.Release|TwinCAT CE7 (ARMV7).ActiveCfg = Release|TwinCAT RT (x64)
		{762000B1-884A-47BD-84A5-77B0DBFF818C}.Release|TwinCAT RT (x64).ActiveCfg = Release|TwinCAT RT (x64)
		{762000B1-884A-47BD-84A5-77B0DBFF818C}.Release|TwinCAT RT (x64).Build.0 = Release|TwinCAT RT (x64)
		{762000B1-884A-47BD-84A5-77B0DBFF818C}.Release|TwinCAT RT (x86).ActiveCfg = Release|TwinCAT RT (x86)
		{762000B1-884A-47BD-84A5-77B0DBFF818C}.Release|TwinCAT RT (x86).Build.0 = Release|TwinCAT RT (x86)
		{762000B1-884A-47BD-84A5-77B0DBFF818C}.Release|TwinCAT UM (x64).ActiveCfg = Release|TwinCAT UM (x64)
		{762000B1-884A-47BD-84A5-77B0DBFF818C}.Release|TwinCAT UM (x64).Build.0 = Release|TwinCAT UM (x64)
		{762000B1-884A-47BD-84A5-77B0DBFF818C}.Release|TwinCAT UM (x86).ActiveCfg = Release|TwinCAT UM (x86)
		{762000B1-884A-47BD-84A5-77B0DBFF818C}.Release|TwinCAT UM (x86).Build.0 = Release|TwinCAT UM (x86)
		{798722B4-BAA5-4BE3-A1F0-B1F3265108E1}.Debug|TwinCAT CE7 (ARMV7).ActiveCfg = Debug|TwinCAT RT (x64)
		{798722B4-BAA5-4BE3-A1F0-B1F3265108E1}.Debug|TwinCAT RT (x64).ActiveCfg = Debug|TwinCAT RT (x64)
		{798722B4-BAA5-4BE3-A1F0-B1F3265108E1}.Debug|TwinCAT RT (x64).Build.0 = Debug|TwinCAT RT (x64)
		{798722B4-BAA5-4BE3-A1F0-B1F3265108E1}.Debug|TwinCAT RT (x86).ActiveCfg = Debug|TwinCAT RT (x86)
		{798722B4-BAA5-4BE3-A1F0-B1F3265108E1}.Debug|TwinCAT RT (x86).Build.0 = Debug|TwinCAT RT (x86)
		{798722B4-BAA5-4BE3-A1F0-B1F3265108E1}.Debug|TwinCAT UM (x64).ActiveCfg = Debug|TwinCAT UM (x64)
		{798722B4-BAA5-4BE3-A1F0-B1F3265108E1}.Debug|TwinCAT UM (x64).Build.0 = Debug|TwinCAT UM (x64)
		{798722B4-BAA5-4BE3-A1F0-B1F3265108E1}.Debug|TwinCAT UM (x86).ActiveCfg = Debug|TwinCAT UM (x86)
		{798722B4-BAA5-4BE3-A1F0-B1F3265108E1}.Debug|TwinCAT UM (x86).Build.0 = Debug|TwinCAT UM (x86)
		{798722B4-BAA5-4BE3-A1F0-B1F3265108E1}.Release|TwinCAT CE7 (ARMV7).ActiveCfg = Release|TwinCAT RT (x64)
		{798722B4-BAA5-4BE3-A1F0-B1F3265108E1}.Release|TwinCAT RT (x64).ActiveCfg = Release|TwinCAT RT (x64)
		{798722B4-BAA5-4BE3-A1F0-B1F3265108E1}.Release|TwinCAT RT (x64).Build.0 = Release|TwinCAT RT (x64)
		{798722B4-BAA5-4BE3-A1F0-B1F3265108E1}.Release|TwinCAT RT (x86).ActiveCfg = Release|TwinCAT RT (x86)
		{798722B4-BAA5-4BE3-A1F0-B1F3265108E1}.Release|TwinCAT RT (x86).Build.0 = Release|TwinCAT RT (x86)
		{798722B4-BAA5-4BE3-A1F0-B1F3265108E1}.Release|TwinCAT UM (x64).ActiveCfg = Release|TwinCAT UM (x64)
		{798722B4-BAA5-4BE3-A1F0-B1F3265108E1}.Release|TwinCAT UM (x64).Build.0 = Release|TwinCAT UM (x64)
		{798722B4-BAA5-4BE3-A1F0-B1F3265108E1}.Release|TwinCAT UM (x86).ActiveCfg = Release|TwinCAT UM (x86)
		{798722B4-BAA5-4BE3-A1F0-B1F3265108E1}.Release|TwinCAT UM (x86).Build.0 = Release|TwinCAT UM (x86)
		{D45B9F77-5CEA-43D2-A1C9-20154CFC0CC9}.Debug|TwinCAT CE7 (ARMV7).ActiveCfg = Debug|TwinCAT RT (x64)
		{D45B9F77-5CEA-43D2-A1C9-20154CFC0CC9}.Debug|TwinCAT RT (x64).ActiveCfg = Debug|TwinCAT RT (x64)
		{D45B9F77-5CEA-43D2-A1C9-20154CFC0CC9}.Debug|TwinCAT RT (x64).Build.0 = Debug|TwinCAT RT (x64)
		{D45B9F77-5CEA-43D2-A1C9-20154CFC0CC9}.Debug|TwinCAT RT (x86).ActiveCfg = Debug|TwinCAT RT (x86)
		{D45B9F77-5CEA-43D2-A1C9-20154CFC0CC9}.Debug|TwinCAT RT (x86).Build.0 = Debug|TwinCAT RT (x86)
		{D45B9F77-5CEA-43D2-A1C9-20154CFC0CC9}.Debug|TwinCAT UM (x64).ActiveCfg = Debug|TwinCAT UM (x64)
		{D45B9F77-5CEA-43D2-A1C9-20154CFC0CC9}.Debug|TwinCAT UM (x64).Build.0 = Debug|TwinCAT UM (x64)
		{D45B9F77-5CEA-43D2-A1C9-20154CFC0CC9}.Debug|TwinCAT UM (x86).ActiveCfg = Debug|TwinCAT UM (x86)
		{D45B9F77-5CEA-43D2-A1C9-20154CFC0CC9}.Debug|TwinCAT UM (x86).Build.0 = Debug|TwinCAT UM (x86)
		{D45B9F77-5CEA-43D2-A1C9-20154CFC0CC9}.Release|TwinCAT CE7 (ARMV7).ActiveCfg = Release|TwinCAT RT (x64)
		{D45B9F77-5CEA-43D2-A1C9-20154CFC0CC9}.Release|TwinCAT RT (x64).ActiveCfg = Release|TwinCAT RT (x64)
		{D45B9F77-5CEA-43D2-A1C9-20154CFC0CC9}.Release|TwinCAT RT (x64).Build.0 = Release|TwinCAT RT (x64)
		{D45B9F77-5CEA-43D2-A1C9-20154CFC0CC9}.Release|TwinCAT RT (x86).ActiveCfg = Release|TwinCAT RT (x86)
		{D45B9F77-5CEA-43D2-A1C9-20154CFC0CC9}.Release|TwinCAT RT (x86).Build.0 = Release|TwinCAT RT (x86)
		{D45B9F77-5CEA-43D2-A1C9-20154CFC0CC9}.Release|TwinCAT UM (x64).ActiveCfg = Release|TwinCAT UM (x64)
		{D45B9F77-5CEA-43D2-A1C9-20154CFC0CC9}.Release|TwinCAT UM (x64).Build.0 = Release|TwinCAT UM (x64)
		{D45B9F77-5CEA-43D2-A1C9-20154CFC0CC9}.Release|TwinCAT UM (x86).ActiveCfg = Release|TwinCAT UM (x86)
		{D45B9F77-5CEA-43D2-A1C9-20154CFC0CC9}.Release|TwinCAT UM (x86).Build.0 = Release|TwinCAT UM (x86)
		{CF9A7C75-01BF-465F-B8C0-8406BB129173}.Debug|TwinCAT CE7 (ARMV7).ActiveCfg = Debug|TwinCAT CE7 (ARMV7)
		{CF9A7C75-01BF-465F-B8C0-8406BB129173}.Debug|TwinCAT CE7 (ARMV7).Build.0 = Debug|TwinCAT CE7 (ARMV7)
		{CF9A7C75-01BF-465F-B8C0-8406BB129173}.Debug|TwinCAT RT (x64).ActiveCfg = Debug|TwinCAT RT (x64)
		{CF9A7C75-01BF-465F-B8C0-8406BB129173}.Debug|TwinCAT RT (x64).Build.0 = Debug|TwinCAT RT (x64)
		{CF9A7C75-01BF-465F-B8C0-8406BB129173}.Debug|TwinCAT RT (x86).ActiveCfg = Debug|TwinCAT RT (x86)
		{CF9A7C75-01BF-465F-B8C0-8406BB129173}.Debug|TwinCAT RT (x86).Build.0 = Debug|TwinCAT RT (x86)
		{CF9A7C75-01BF-465F-B8C0-8406BB129173}.Debug|TwinCAT UM (x64).ActiveCfg = Debug|TwinCAT CE7 (ARMV7)
		{CF9A7C75-01BF-465F-B8C0-8406BB129173}.Debug|TwinCAT UM (x86).ActiveCfg = Debug|TwinCAT CE7 (ARMV7)
		{CF9A7C75-01BF-465F-B8C0-8406BB129173}.Release|TwinCAT CE7 (ARMV7).ActiveCfg = Release|TwinCAT CE7 (ARMV7)
		{CF9A7C75-01BF-465F-B8C0-8406BB129173}.Release|TwinCAT CE7 (ARMV7).Build.0 = Release|TwinCAT CE7 (ARMV7)
		{CF9A7C75-01BF-465F-B8C0-8406BB129173}.Release|TwinCAT RT (x64).ActiveCfg = Release|TwinCAT RT (x64)
		{CF9A7C75-01BF-465F-B8C0-8406BB129173}.Release|TwinCAT RT (x64).Build.0 = Release|TwinCAT RT (x64)
		{CF9A7C75-01BF-465F-B8C0-8406BB129173}.Release|TwinCAT RT (x86).ActiveCfg = Release|TwinCAT RT (x86)
		{CF9A7C75-01BF-465F-B8C0-8406BB129173}.Release|TwinCAT RT (x86).Build.0 = Release|TwinCAT RT (x86)
		{CF9A7C75-01BF-465F-B8C0-8406BB129173}.Release|TwinCAT UM (x64).ActiveCfg = Release|TwinCAT CE7 (ARMV7)
		{CF9A7C75-01BF-465F-B8C0-8406BB129173}.Release|TwinCAT UM (x86).ActiveCfg = Release|TwinCAT CE7 (ARMV7)
	EndGlobalSection
	GlobalSection(SolutionProperties) = preSolution
		HideSolutionNode = FALSE
	EndGlobalSection
EndGlobal
