<?xml version="1.0" encoding="utf-8"?>
<Project ToolsVersion="4.0" xmlns="http://schemas.microsoft.com/developer/msbuild/2003">
  <ItemGroup>
    <Filter Include="Header Files">
      <UniqueIdentifier>{b8af18ab-cba9-42eb-b8ba-1c828fd3b8e1}</UniqueIdentifier>
    </Filter>
    <Filter Include="Source Files">
      <UniqueIdentifier>{66a9be87-bafa-4930-90f9-98747a471eda}</UniqueIdentifier>
    </Filter>
  </ItemGroup>
  <ItemGroup>
    <ClInclude Include="TcPch.h">
      <Filter>Header Files</Filter>
    </ClInclude>
    <ClInclude Include="TcFsmFile.h">
      <Filter>Header Files</Filter>
    </ClInclude>
    <ClInclude Include="TcFsmFileClose.h">
      <Filter>Header Files</Filter>
    </ClInclude>
    <ClInclude Include="TcFsmFileOpen.h">
      <Filter>Header Files</Filter>
    </ClInclude>
    <ClInclude Include="TcFsmFileRead.h">
      <Filter>Header Files</Filter>
    </ClInclude>
    <ClInclude Include="TcFsmFileReader.h">
      <Filter>Header Files</Filter>
    </ClInclude>
    <ClInclude Include="TcFsmFileWrite.h">
      <Filter>Header Files</Filter>
    </ClInclude>
    <ClInclude Include="TcFsmFileWriter.h">
      <Filter>Header Files</Filter>
    </ClInclude>
    <ClInclude Include="TcFsmFileSeek.h">
      <Filter>Header Files</Filter>
    </ClInclude>
    <ClInclude Include="TcFsmFileGetStatus.h">
      <Filter>Header Files</Filter>
    </ClInclude>
    <ClInclude Include="TcFsmFileFind.h">
      <Filter>Header Files</Filter>
    </ClInclude>
    <ClInclude Include="TcFsmFileFindFirst.h">
      <Filter>Header Files</Filter>
    </ClInclude>
    <ClInclude Include="TcFsmFileFindClose.h">
      <Filter>Header Files</Filter>
    </ClInclude>
    <ClInclude Include="TcFsmFileFindNext.h">
      <Filter>Header Files</Filter>
    </ClInclude>
  </ItemGroup>
  <ItemGroup>
    <ClCompile Include="TcPch.cpp">
      <Filter>Source Files</Filter>
    </ClCompile>
    <ClCompile Include="TcFsmFileClose.cpp">
      <Filter>Source Files</Filter>
    </ClCompile>
    <ClCompile Include="TcFsmFileOpen.cpp">
      <Filter>Source Files</Filter>
    </ClCompile>
    <ClCompile Include="TcFsmFileRead.cpp">
      <Filter>Source Files</Filter>
    </ClCompile>
    <ClCompile Include="TcFsmFileReader.cpp">
      <Filter>Source Files</Filter>
    </ClCompile>
    <ClCompile Include="TcFsmFileWrite.cpp">
      <Filter>Source Files</Filter>
    </ClCompile>
    <ClCompile Include="TcFsmFileWriter.cpp">
      <Filter>Source Files</Filter>
    </ClCompile>
    <ClCompile Include="TcFsmFileSeek.cpp">
      <Filter>Source Files</Filter>
    </ClCompile>
    <ClCompile Include="TcFsmFileGetStatus.cpp">
      <Filter>Source Files</Filter>
    </ClCompile>
    <ClCompile Include="TcFsmFileFind.cpp">
      <Filter>Source Files</Filter>
    </ClCompile>
    <ClCompile Include="TcFsmFileFindFirst.cpp">
      <Filter>Source Files</Filter>
    </ClCompile>
    <ClCompile Include="TcFsmFileFindNext.cpp">
      <Filter>Source Files</Filter>
    </ClCompile>
    <ClCompile Include="TcFsmFileFindClose.cpp">
      <Filter>Source Files</Filter>
    </ClCompile>
  </ItemGroup>
</Project>